
Microsoft Visual Studio Solution File, Format Version 12.00
# Visual Studio Version 17
VisualStudioVersion = 17.0.31903.59
MinimumVisualStudioVersion = 10.0.40219.1
Project("{FAE04EC0-301F-11D3-BF4B-00C04F79EFBC}") = "RemotingClient", "RemotingClient\RemotingClient.csproj", "{D64FDE73-E7C0-4629-BC9B-9D67948736E0}"
EndProject
Project("{FAE04EC0-301F-11D3-BF4B-00C04F79EFBC}") = "RemotingJobServer", "RemotingJobServer\RemotingJobServer.csproj", "{A0DA1DE0-1E11-4F72-B6DB-5D25BABA122E}"
EndProject
Project("{FAE04EC0-301F-11D3-BF4B-00C04F79EFBC}") = "RemotingContract", "RemotingContract\RemotingContract.csproj", "{8F375689-F189-42F7-BEBF-C5F4F011262E}"
EndProject
Global
	GlobalSection(SolutionConfigurationPlatforms) = preSolution
		Debug|Any CPU = Debug|Any CPU
		Release|Any CPU = Release|Any CPU
	EndGlobalSection
	GlobalSection(SolutionProperties) = preSolution
		HideSolutionNode = FALSE
	EndGlobalSection
	GlobalSection(ProjectConfigurationPlatforms) = postSolution
		{D64FDE73-E7C0-4629-BC9B-9D67948736E0}.Debug|Any CPU.ActiveCfg = Debug|Any CPU
		{D64FDE73-E7C0-4629-BC9B-9D67948736E0}.Debug|Any CPU.Build.0 = Debug|Any CPU
		{D64FDE73-E7C0-4629-BC9B-9D67948736E0}.Release|Any CPU.ActiveCfg = Release|Any CPU
		{D64FDE73-E7C0-4629-BC9B-9D67948736E0}.Release|Any CPU.Build.0 = Release|Any CPU
		{A0DA1DE0-1E11-4F72-B6DB-5D25BABA122E}.Debug|Any CPU.ActiveCfg = Debug|Any CPU
		{A0DA1DE0-1E11-4F72-B6DB-5D25BABA122E}.Debug|Any CPU.Build.0 = Debug|Any CPU
		{A0DA1DE0-1E11-4F72-B6DB-5D25BABA122E}.Release|Any CPU.ActiveCfg = Release|Any CPU
		{A0DA1DE0-1E11-4F72-B6DB-5D25BABA122E}.Release|Any CPU.Build.0 = Release|Any CPU
		{8F375689-F189-42F7-BEBF-C5F4F011262E}.Debug|Any CPU.ActiveCfg = Debug|Any CPU
		{8F375689-F189-42F7-BEBF-C5F4F011262E}.Debug|Any CPU.Build.0 = Debug|Any CPU
		{8F375689-F189-42F7-BEBF-C5F4F011262E}.Release|Any CPU.ActiveCfg = Release|Any CPU
		{8F375689-F189-42F7-BEBF-C5F4F011262E}.Release|Any CPU.Build.0 = Release|Any CPU
	EndGlobalSection
EndGlobal
